
Microsoft Visual Studio Solution File, Format Version 12.00
# Visual Studio Version 17
VisualStudioVersion = 17.13.35828.75 d17.13
MinimumVisualStudioVersion = 10.0.40219.1
Project("{FAE04EC0-301F-11D3-BF4B-00C04F79EFBC}") = "Assement_2", "Assement_2\Assement_2.csproj", "{7EABCB16-C1D5-4BCA-ABFD-687B74D65EE5}"
EndProject
Global
	GlobalSection(SolutionConfigurationPlatforms) = preSolution
		Debug|Any CPU = Debug|Any CPU
		Release|Any CPU = Release|Any CPU
	EndGlobalSection
	GlobalSection(ProjectConfigurationPlatforms) = postSolution
		{7EABCB16-C1D5-4BCA-ABFD-687B74D65EE5}.Debug|Any CPU.ActiveCfg = Debug|Any CPU
		{7EABCB16-C1D5-4BCA-ABFD-687B74D65EE5}.Debug|Any CPU.Build.0 = Debug|Any CPU
		{7EABCB16-C1D5-4BCA-ABFD-687B74D65EE5}.Release|Any CPU.ActiveCfg = Release|Any CPU
		{7EABCB16-C1D5-4BCA-ABFD-687B74D65EE5}.Release|Any CPU.Build.0 = Release|Any CPU
	EndGlobalSection
	GlobalSection(SolutionProperties) = preSolution
		HideSolutionNode = FALSE
	EndGlobalSection
	GlobalSection(ExtensibilityGlobals) = postSolution
		SolutionGuid = {36E6783B-5586-4915-A284-EADDDA8B8DD7}
	EndGlobalSection
EndGlobal
